
Microsoft Visual Studio Solution File, Format Version 12.00
Project("{FAE04EC0-301F-11D3-BF4B-00C04F79EFBC}") = "DilemmaSvc.Domain", "DilemmaSvc.Domain\DilemmaSvc.Domain.csproj", "{291A0EE2-BADE-4EB5-8314-85C0ECCC3630}"
EndProject
Project("{FAE04EC0-301F-11D3-BF4B-00C04F79EFBC}") = "DilemmaSvc.Application", "DilemmaSvc.Application\DilemmaSvc.Application.csproj", "{E73B5778-A0D7-4551-A75C-E507B8E93E46}"
EndProject
Project("{FAE04EC0-301F-11D3-BF4B-00C04F79EFBC}") = "Common.Domain", "..\..\common\dotnet\Common.Domain\Common.Domain.csproj", "{979C1CF4-1A9F-46B8-A317-C5164B4435B7}"
EndProject
Project("{FAE04EC0-301F-11D3-BF4B-00C04F79EFBC}") = "DilemmaSvc.Domain.Tests", "DilemmaSvc.Domain.Tests\DilemmaSvc.Domain.Tests.csproj", "{78B9E5E9-89DB-4ADB-8683-76EAC02DA729}"
EndProject
Project("{FAE04EC0-301F-11D3-BF4B-00C04F79EFBC}") = "DilemmaSvc.Application.Tests", "DilemmaSvc.Application.Tests\DilemmaSvc.Application.Tests.csproj", "{24CF497F-F1D3-45B3-814F-C78EBAE0BFBA}"
EndProject
Project("{FAE04EC0-301F-11D3-BF4B-00C04F79EFBC}") = "Common.Application", "..\..\common\dotnet\Common.Application\Common.Application.csproj", "{D38A7DDB-4193-4A1B-A62B-3EFBB4F603EC}"
EndProject
Project("{FAE04EC0-301F-11D3-BF4B-00C04F79EFBC}") = "DilemmaSvc.Infrastructure", "DilemmaSvc.Infrastructure\DilemmaSvc.Infrastructure.csproj", "{2035D016-2C25-4067-BA82-1A24AD3DA204}"
EndProject
Global
	GlobalSection(SolutionConfigurationPlatforms) = preSolution
		Debug|Any CPU = Debug|Any CPU
		Release|Any CPU = Release|Any CPU
	EndGlobalSection
	GlobalSection(ProjectConfigurationPlatforms) = postSolution
		{291A0EE2-BADE-4EB5-8314-85C0ECCC3630}.Debug|Any CPU.ActiveCfg = Debug|Any CPU
		{291A0EE2-BADE-4EB5-8314-85C0ECCC3630}.Debug|Any CPU.Build.0 = Debug|Any CPU
		{291A0EE2-BADE-4EB5-8314-85C0ECCC3630}.Release|Any CPU.ActiveCfg = Release|Any CPU
		{291A0EE2-BADE-4EB5-8314-85C0ECCC3630}.Release|Any CPU.Build.0 = Release|Any CPU
		{E73B5778-A0D7-4551-A75C-E507B8E93E46}.Debug|Any CPU.ActiveCfg = Debug|Any CPU
		{E73B5778-A0D7-4551-A75C-E507B8E93E46}.Debug|Any CPU.Build.0 = Debug|Any CPU
		{E73B5778-A0D7-4551-A75C-E507B8E93E46}.Release|Any CPU.ActiveCfg = Release|Any CPU
		{E73B5778-A0D7-4551-A75C-E507B8E93E46}.Release|Any CPU.Build.0 = Release|Any CPU
		{979C1CF4-1A9F-46B8-A317-C5164B4435B7}.Debug|Any CPU.ActiveCfg = Debug|Any CPU
		{979C1CF4-1A9F-46B8-A317-C5164B4435B7}.Debug|Any CPU.Build.0 = Debug|Any CPU
		{979C1CF4-1A9F-46B8-A317-C5164B4435B7}.Release|Any CPU.ActiveCfg = Release|Any CPU
		{979C1CF4-1A9F-46B8-A317-C5164B4435B7}.Release|Any CPU.Build.0 = Release|Any CPU
		{78B9E5E9-89DB-4ADB-8683-76EAC02DA729}.Debug|Any CPU.ActiveCfg = Debug|Any CPU
		{78B9E5E9-89DB-4ADB-8683-76EAC02DA729}.Debug|Any CPU.Build.0 = Debug|Any CPU
		{78B9E5E9-89DB-4ADB-8683-76EAC02DA729}.Release|Any CPU.ActiveCfg = Release|Any CPU
		{78B9E5E9-89DB-4ADB-8683-76EAC02DA729}.Release|Any CPU.Build.0 = Release|Any CPU
		{24CF497F-F1D3-45B3-814F-C78EBAE0BFBA}.Debug|Any CPU.ActiveCfg = Debug|Any CPU
		{24CF497F-F1D3-45B3-814F-C78EBAE0BFBA}.Debug|Any CPU.Build.0 = Debug|Any CPU
		{24CF497F-F1D3-45B3-814F-C78EBAE0BFBA}.Release|Any CPU.ActiveCfg = Release|Any CPU
		{24CF497F-F1D3-45B3-814F-C78EBAE0BFBA}.Release|Any CPU.Build.0 = Release|Any CPU
		{D38A7DDB-4193-4A1B-A62B-3EFBB4F603EC}.Debug|Any CPU.ActiveCfg = Debug|Any CPU
		{D38A7DDB-4193-4A1B-A62B-3EFBB4F603EC}.Debug|Any CPU.Build.0 = Debug|Any CPU
		{D38A7DDB-4193-4A1B-A62B-3EFBB4F603EC}.Release|Any CPU.ActiveCfg = Release|Any CPU
		{D38A7DDB-4193-4A1B-A62B-3EFBB4F603EC}.Release|Any CPU.Build.0 = Release|Any CPU
		{2035D016-2C25-4067-BA82-1A24AD3DA204}.Debug|Any CPU.ActiveCfg = Debug|Any CPU
		{2035D016-2C25-4067-BA82-1A24AD3DA204}.Debug|Any CPU.Build.0 = Debug|Any CPU
		{2035D016-2C25-4067-BA82-1A24AD3DA204}.Release|Any CPU.ActiveCfg = Release|Any CPU
		{2035D016-2C25-4067-BA82-1A24AD3DA204}.Release|Any CPU.Build.0 = Release|Any CPU
	EndGlobalSection
EndGlobal
